
Microsoft Visual Studio Solution File, Format Version 12.00
# Visual Studio Version 17
VisualStudioVersion = 17.12.35527.113
MinimumVisualStudioVersion = 10.0.40219.1
Project("{FAE04EC0-301F-11D3-BF4B-00C04F79EFBC}") = "cibernopilosos", "cibernopilosos\cibernopilosos.csproj", "{70E1862C-295B-4D13-8EA8-9A0194CACF59}"
EndProject
Project("{2150E333-8FDC-42A3-9474-1A3956D46DE8}") = "Elementos de la solución", "Elementos de la solución", "{D107F4C8-89CC-BEA8-D3D7-CA6B7733353D}"
EndProject
Project("{FAE04EC0-301F-11D3-BF4B-00C04F79EFBC}") = "Domain", "Domain\Domain.csproj", "{9B39E596-0C7B-4058-A79E-7F4DE297277D}"
EndProject
Project("{FAE04EC0-301F-11D3-BF4B-00C04F79EFBC}") = "Presentation", "Presentation\Presentation.csproj", "{3E66E613-93D8-4180-BAEE-627058C1E0C6}"
EndProject
Project("{FAE04EC0-301F-11D3-BF4B-00C04F79EFBC}") = "DataAccess", "DataAccess\DataAccess.csproj", "{69B9C7A9-F713-4DD0-B37C-9AFAC9474A9A}"
EndProject
Global
	GlobalSection(SolutionConfigurationPlatforms) = preSolution
		Debug|Any CPU = Debug|Any CPU
		Debug|x86 = Debug|x86
		Release|Any CPU = Release|Any CPU
		Release|x86 = Release|x86
	EndGlobalSection
	GlobalSection(ProjectConfigurationPlatforms) = postSolution
		{70E1862C-295B-4D13-8EA8-9A0194CACF59}.Debug|Any CPU.ActiveCfg = Debug|Any CPU
		{70E1862C-295B-4D13-8EA8-9A0194CACF59}.Debug|Any CPU.Build.0 = Debug|Any CPU
		{70E1862C-295B-4D13-8EA8-9A0194CACF59}.Debug|x86.ActiveCfg = Debug|Any CPU
		{70E1862C-295B-4D13-8EA8-9A0194CACF59}.Debug|x86.Build.0 = Debug|Any CPU
		{70E1862C-295B-4D13-8EA8-9A0194CACF59}.Release|Any CPU.ActiveCfg = Release|Any CPU
		{70E1862C-295B-4D13-8EA8-9A0194CACF59}.Release|Any CPU.Build.0 = Release|Any CPU
		{70E1862C-295B-4D13-8EA8-9A0194CACF59}.Release|x86.ActiveCfg = Release|Any CPU
		{70E1862C-295B-4D13-8EA8-9A0194CACF59}.Release|x86.Build.0 = Release|Any CPU
		{9B39E596-0C7B-4058-A79E-7F4DE297277D}.Debug|Any CPU.ActiveCfg = Debug|Any CPU
		{9B39E596-0C7B-4058-A79E-7F4DE297277D}.Debug|Any CPU.Build.0 = Debug|Any CPU
		{9B39E596-0C7B-4058-A79E-7F4DE297277D}.Debug|x86.ActiveCfg = Debug|Any CPU
		{9B39E596-0C7B-4058-A79E-7F4DE297277D}.Debug|x86.Build.0 = Debug|Any CPU
		{9B39E596-0C7B-4058-A79E-7F4DE297277D}.Release|Any CPU.ActiveCfg = Release|Any CPU
		{9B39E596-0C7B-4058-A79E-7F4DE297277D}.Release|Any CPU.Build.0 = Release|Any CPU
		{9B39E596-0C7B-4058-A79E-7F4DE297277D}.Release|x86.ActiveCfg = Release|Any CPU
		{9B39E596-0C7B-4058-A79E-7F4DE297277D}.Release|x86.Build.0 = Release|Any CPU
		{3E66E613-93D8-4180-BAEE-627058C1E0C6}.Debug|Any CPU.ActiveCfg = Debug|Any CPU
		{3E66E613-93D8-4180-BAEE-627058C1E0C6}.Debug|Any CPU.Build.0 = Debug|Any CPU
		{3E66E613-93D8-4180-BAEE-627058C1E0C6}.Debug|x86.ActiveCfg = Debug|Any CPU
		{3E66E613-93D8-4180-BAEE-627058C1E0C6}.Debug|x86.Build.0 = Debug|Any CPU
		{3E66E613-93D8-4180-BAEE-627058C1E0C6}.Release|Any CPU.ActiveCfg = Release|Any CPU
		{3E66E613-93D8-4180-BAEE-627058C1E0C6}.Release|Any CPU.Build.0 = Release|Any CPU
		{3E66E613-93D8-4180-BAEE-627058C1E0C6}.Release|x86.ActiveCfg = Release|Any CPU
		{3E66E613-93D8-4180-BAEE-627058C1E0C6}.Release|x86.Build.0 = Release|Any CPU
		{69B9C7A9-F713-4DD0-B37C-9AFAC9474A9A}.Debug|Any CPU.ActiveCfg = Debug|Any CPU
		{69B9C7A9-F713-4DD0-B37C-9AFAC9474A9A}.Debug|Any CPU.Build.0 = Debug|Any CPU
		{69B9C7A9-F713-4DD0-B37C-9AFAC9474A9A}.Debug|x86.ActiveCfg = Debug|Any CPU
		{69B9C7A9-F713-4DD0-B37C-9AFAC9474A9A}.Debug|x86.Build.0 = Debug|Any CPU
		{69B9C7A9-F713-4DD0-B37C-9AFAC9474A9A}.Release|Any CPU.ActiveCfg = Release|Any CPU
		{69B9C7A9-F713-4DD0-B37C-9AFAC9474A9A}.Release|Any CPU.Build.0 = Release|Any CPU
		{69B9C7A9-F713-4DD0-B37C-9AFAC9474A9A}.Release|x86.ActiveCfg = Release|Any CPU
		{69B9C7A9-F713-4DD0-B37C-9AFAC9474A9A}.Release|x86.Build.0 = Release|Any CPU
	EndGlobalSection
	GlobalSection(SolutionProperties) = preSolution
		HideSolutionNode = FALSE
	EndGlobalSection
	GlobalSection(ExtensibilityGlobals) = postSolution
		SolutionGuid = {62AC1535-5895-4051-8879-FED6DAB05D22}
	EndGlobalSection
EndGlobal
